
Microsoft Visual Studio Solution File, Format Version 12.00
# Visual Studio Version 17
VisualStudioVersion = 17.4.33205.214
MinimumVisualStudioVersion = 10.0.40219.1
Project("{FAE04EC0-301F-11D3-BF4B-00C04F79EFBC}") = "PhonePeIntegrationApp", "PhonePeIntegrationApp\PhonePeIntegrationApp.csproj", "{850BFC1D-39A6-4B01-86FD-9DC6943B0C5B}"
EndProject
Global
	GlobalSection(SolutionConfigurationPlatforms) = preSolution
		Debug|Any CPU = Debug|Any CPU
		Release|Any CPU = Release|Any CPU
	EndGlobalSection
	GlobalSection(ProjectConfigurationPlatforms) = postSolution
		{850BFC1D-39A6-4B01-86FD-9DC6943B0C5B}.Debug|Any CPU.ActiveCfg = Debug|Any CPU
		{850BFC1D-39A6-4B01-86FD-9DC6943B0C5B}.Debug|Any CPU.Build.0 = Debug|Any CPU
		{850BFC1D-39A6-4B01-86FD-9DC6943B0C5B}.Release|Any CPU.ActiveCfg = Release|Any CPU
		{850BFC1D-39A6-4B01-86FD-9DC6943B0C5B}.Release|Any CPU.Build.0 = Release|Any CPU
	EndGlobalSection
	GlobalSection(SolutionProperties) = preSolution
		HideSolutionNode = FALSE
	EndGlobalSection
	GlobalSection(ExtensibilityGlobals) = postSolution
		SolutionGuid = {B21C3B14-01CB-4447-A48E-F7248751B5F9}
	EndGlobalSection
EndGlobal
